
Microsoft Visual Studio Solution File, Format Version 12.00
# Visual Studio Version 17
VisualStudioVersion = 17.11.35312.102
MinimumVisualStudioVersion = 10.0.40219.1
Project("{FAE04EC0-301F-11D3-BF4B-00C04F79EFBC}") = "F24W6MidtermReview", "F24W6MidtermReview\F24W6MidtermReview.csproj", "{0CEC3F8A-3B60-41FE-AB2B-7DEDDFFF6A0D}"
EndProject
Global
	GlobalSection(SolutionConfigurationPlatforms) = preSolution
		Debug|Any CPU = Debug|Any CPU
		Release|Any CPU = Release|Any CPU
	EndGlobalSection
	GlobalSection(ProjectConfigurationPlatforms) = postSolution
		{0CEC3F8A-3B60-41FE-AB2B-7DEDDFFF6A0D}.Debug|Any CPU.ActiveCfg = Debug|Any CPU
		{0CEC3F8A-3B60-41FE-AB2B-7DEDDFFF6A0D}.Debug|Any CPU.Build.0 = Debug|Any CPU
		{0CEC3F8A-3B60-41FE-AB2B-7DEDDFFF6A0D}.Release|Any CPU.ActiveCfg = Release|Any CPU
		{0CEC3F8A-3B60-41FE-AB2B-7DEDDFFF6A0D}.Release|Any CPU.Build.0 = Release|Any CPU
	EndGlobalSection
	GlobalSection(SolutionProperties) = preSolution
		HideSolutionNode = FALSE
	EndGlobalSection
	GlobalSection(ExtensibilityGlobals) = postSolution
		SolutionGuid = {11CB886A-A8D8-41AE-BCDB-2073A1A5ED67}
	EndGlobalSection
EndGlobal
